// !$*UTF8*$!
{
	archiveVersion = 1;
	classes = {
	};
	objectVersion = 46;
	objects = {

/* Begin PBXBuildFile section */
		F442DD5A1A660B6F00B205A4 /* AppDelegate.swift in Sources */ = {isa = PBXBuildFile; fileRef = F442DD591A660B6F00B205A4 /* AppDelegate.swift */; };
		F442DD5D1A660B6F00B205A4 /* ExchangeAGram.xcdatamodeld in Sources */ = {isa = PBXBuildFile; fileRef = F442DD5B1A660B6F00B205A4 /* ExchangeAGram.xcdatamodeld */; };
		F442DD621A660B6F00B205A4 /* Main.storyboard in Resources */ = {isa = PBXBuildFile; fileRef = F442DD601A660B6F00B205A4 /* Main.storyboard */; };
		F442DD641A660B6F00B205A4 /* Images.xcassets in Resources */ = {isa = PBXBuildFile; fileRef = F442DD631A660B6F00B205A4 /* Images.xcassets */; };
		F442DD671A660B6F00B205A4 /* LaunchScreen.xib in Resources */ = {isa = PBXBuildFile; fileRef = F442DD651A660B6F00B205A4 /* LaunchScreen.xib */; };
		F442DD731A660B7000B205A4 /* ExchangeAGramTests.swift in Sources */ = {isa = PBXBuildFile; fileRef = F442DD721A660B7000B205A4 /* ExchangeAGramTests.swift */; };
		F442DD7D1A66100200B205A4 /* FeedViewController.swift in Sources */ = {isa = PBXBuildFile; fileRef = F442DD7C1A66100200B205A4 /* FeedViewController.swift */; };
		F442DD7F1A663BE000B205A4 /* FeedCell.swift in Sources */ = {isa = PBXBuildFile; fileRef = F442DD7E1A663BE000B205A4 /* FeedCell.swift */; };
		F442DD811A663E3A00B205A4 /* MobileCoreServices.framework in Frameworks */ = {isa = PBXBuildFile; fileRef = F442DD801A663E3A00B205A4 /* MobileCoreServices.framework */; };
		F442DD831A66493900B205A4 /* FeedItem.swift in Sources */ = {isa = PBXBuildFile; fileRef = F442DD821A66493900B205A4 /* FeedItem.swift */; };
/* End PBXBuildFile section */

/* Begin PBXContainerItemProxy section */
		F442DD6D1A660B7000B205A4 /* PBXContainerItemProxy */ = {
			isa = PBXContainerItemProxy;
			containerPortal = F442DD4C1A660B6F00B205A4 /* Project object */;
			proxyType = 1;
			remoteGlobalIDString = F442DD531A660B6F00B205A4;
			remoteInfo = ExchangeAGram;
		};
/* End PBXContainerItemProxy section */

/* Begin PBXFileReference section */
		F442DD541A660B6F00B205A4 /* ExchangeAGram.app */ = {isa = PBXFileReference; explicitFileType = wrapper.application; includeInIndex = 0; path = ExchangeAGram.app; sourceTree = BUILT_PRODUCTS_DIR; };
		F442DD581A660B6F00B205A4 /* Info.plist */ = {isa = PBXFileReference; lastKnownFileType = text.plist.xml; path = Info.plist; sourceTree = "<group>"; };
		F442DD591A660B6F00B205A4 /* AppDelegate.swift */ = {isa = PBXFileReference; lastKnownFileType = sourcecode.swift; path = AppDelegate.swift; sourceTree = "<group>"; };
		F442DD5C1A660B6F00B205A4 /* ExchangeAGram.xcdatamodel */ = {isa = PBXFileReference; lastKnownFileType = wrapper.xcdatamodel; path = ExchangeAGram.xcdatamodel; sourceTree = "<group>"; };
		F442DD611A660B6F00B205A4 /* Base */ = {isa = PBXFileReference; lastKnownFileType = file.storyboard; name = Base; path = Base.lproj/Main.storyboard; sourceTree = "<group>"; };
		F442DD631A660B6F00B205A4 /* Images.xcassets */ = {isa = PBXFileReference; lastKnownFileType = folder.assetcatalog; path = Images.xcassets; sourceTree = "<group>"; };
		F442DD661A660B6F00B205A4 /* Base */ = {isa = PBXFileReference; lastKnownFileType = file.xib; name = Base; path = Base.lproj/LaunchScreen.xib; sourceTree = "<group>"; };
		F442DD6C1A660B7000B205A4 /* ExchangeAGramTests.xctest */ = {isa = PBXFileReference; explicitFileType = wrapper.cfbundle; includeInIndex = 0; path = ExchangeAGramTests.xctest; sourceTree = BUILT_PRODUCTS_DIR; };
		F442DD711A660B7000B205A4 /* Info.plist */ = {isa = PBXFileReference; lastKnownFileType = text.plist.xml; path = Info.plist; sourceTree = "<group>"; };
		F442DD721A660B7000B205A4 /* ExchangeAGramTests.swift */ = {isa = PBXFileReference; lastKnownFileType = sourcecode.swift; path = ExchangeAGramTests.swift; sourceTree = "<group>"; };
		F442DD7C1A66100200B205A4 /* FeedViewController.swift */ = {isa = PBXFileReference; fileEncoding = 4; lastKnownFileType = sourcecode.swift; path = FeedViewController.swift; sourceTree = "<group>"; };
		F442DD7E1A663BE000B205A4 /* FeedCell.swift */ = {isa = PBXFileReference; fileEncoding = 4; lastKnownFileType = sourcecode.swift; path = FeedCell.swift; sourceTree = "<group>"; };
		F442DD801A663E3A00B205A4 /* MobileCoreServices.framework */ = {isa = PBXFileReference; lastKnownFileType = wrapper.framework; name = MobileCoreServices.framework; path = System/Library/Frameworks/MobileCoreServices.framework; sourceTree = SDKROOT; };
		F442DD821A66493900B205A4 /* FeedItem.swift */ = {isa = PBXFileReference; fileEncoding = 4; lastKnownFileType = sourcecode.swift; path = FeedItem.swift; sourceTree = "<group>"; };
/* End PBXFileReference section */

/* Begin PBXFrameworksBuildPhase section */
		F442DD511A660B6F00B205A4 /* Frameworks */ = {
			isa = PBXFrameworksBuildPhase;
			buildActionMask = 2147483647;
			files = (
				F442DD811A663E3A00B205A4 /* MobileCoreServices.framework in Frameworks */,
			);
			runOnlyForDeploymentPostprocessing = 0;
		};
		F442DD691A660B7000B205A4 /* Frameworks */ = {
			isa = PBXFrameworksBuildPhase;
			buildActionMask = 2147483647;
			files = (
			);
			runOnlyForDeploymentPostprocessing = 0;
		};
/* End PBXFrameworksBuildPhase section */

/* Begin PBXGroup section */
		F442DD4B1A660B6F00B205A4 = {
			isa = PBXGroup;
			children = (
				F442DD561A660B6F00B205A4 /* ExchangeAGram */,
				F442DD6F1A660B7000B205A4 /* ExchangeAGramTests */,
				F442DD551A660B6F00B205A4 /* Products */,
			);
			sourceTree = "<group>";
		};
		F442DD551A660B6F00B205A4 /* Products */ = {
			isa = PBXGroup;
			children = (
				F442DD541A660B6F00B205A4 /* ExchangeAGram.app */,
				F442DD6C1A660B7000B205A4 /* ExchangeAGramTests.xctest */,
			);
			name = Products;
			sourceTree = "<group>";
		};
		F442DD561A660B6F00B205A4 /* ExchangeAGram */ = {
			isa = PBXGroup;
			children = (
				F442DD591A660B6F00B205A4 /* AppDelegate.swift */,
				F442DD7C1A66100200B205A4 /* FeedViewController.swift */,
				F442DD7E1A663BE000B205A4 /* FeedCell.swift */,
				F442DD601A660B6F00B205A4 /* Main.storyboard */,
				F442DD631A660B6F00B205A4 /* Images.xcassets */,
				F442DD651A660B6F00B205A4 /* LaunchScreen.xib */,
				F442DD5B1A660B6F00B205A4 /* ExchangeAGram.xcdatamodeld */,
				F442DD821A66493900B205A4 /* FeedItem.swift */,
				F442DD571A660B6F00B205A4 /* Supporting Files */,
			);
			path = ExchangeAGram;
			sourceTree = "<group>";
		};
		F442DD571A660B6F00B205A4 /* Supporting Files */ = {
			isa = PBXGroup;
			children = (
				F442DD801A663E3A00B205A4 /* MobileCoreServices.framework */,
				F442DD581A660B6F00B205A4 /* Info.plist */,
			);
			name = "Supporting Files";
			sourceTree = "<group>";
		};
		F442DD6F1A660B7000B205A4 /* ExchangeAGramTests */ = {
			isa = PBXGroup;
			children = (
				F442DD721A660B7000B205A4 /* ExchangeAGramTests.swift */,
				F442DD701A660B7000B205A4 /* Supporting Files */,
			);
			path = ExchangeAGramTests;
			sourceTree = "<group>";
		};
		F442DD701A660B7000B205A4 /* Supporting Files */ = {
			isa = PBXGroup;
			children = (
				F442DD711A660B7000B205A4 /* Info.plist */,
			);
			name = "Supporting Files";
			sourceTree = "<group>";
		};
/* End PBXGroup section */

/* Begin PBXNativeTarget section */
		F442DD531A660B6F00B205A4 /* ExchangeAGram */ = {
			isa = PBXNativeTarget;
			buildConfigurationList = F442DD761A660B7000B205A4 /* Build configuration list for PBXNativeTarget "ExchangeAGram" */;
			buildPhases = (
				F442DD501A660B6F00B205A4 /* Sources */,
				F442DD511A660B6F00B205A4 /* Frameworks */,
				F442DD521A660B6F00B205A4 /* Resources */,
			);
			buildRules = (
			);
			dependencies = (
			);
			name = ExchangeAGram;
			productName = ExchangeAGram;
			productReference = F442DD541A660B6F00B205A4 /* ExchangeAGram.app */;
			productType = "com.apple.product-type.application";
		};
		F442DD6B1A660B7000B205A4 /* ExchangeAGramTests */ = {
			isa = PBXNativeTarget;
			buildConfigurationList = F442DD791A660B7000B205A4 /* Build configuration list for PBXNativeTarget "ExchangeAGramTests" */;
			buildPhases = (
				F442DD681A660B7000B205A4 /* Sources */,
				F442DD691A660B7000B205A4 /* Frameworks */,
				F442DD6A1A660B7000B205A4 /* Resources */,
			);
			buildRules = (
			);
			dependencies = (
				F442DD6E1A660B7000B205A4 /* PBXTargetDependency */,
			);
			name = ExchangeAGramTests;
			productName = ExchangeAGramTests;
			productReference = F442DD6C1A660B7000B205A4 /* ExchangeAGramTests.xctest */;
			productType = "com.apple.product-type.bundle.unit-test";
		};
/* End PBXNativeTarget section */

/* Begin PBXProject section */
		F442DD4C1A660B6F00B205A4 /* Project object */ = {
			isa = PBXProject;
			attributes = {
				LastUpgradeCheck = 0610;
				ORGANIZATIONNAME = Republic;
				TargetAttributes = {
					F442DD531A660B6F00B205A4 = {
						CreatedOnToolsVersion = 6.1.1;
					};
					F442DD6B1A660B7000B205A4 = {
						CreatedOnToolsVersion = 6.1.1;
						TestTargetID = F442DD531A660B6F00B205A4;
					};
				};
			};
			buildConfigurationList = F442DD4F1A660B6F00B205A4 /* Build configuration list for PBXProject "ExchangeAGram" */;
			compatibilityVersion = "Xcode 3.2";
			developmentRegion = English;
			hasScannedForEncodings = 0;
			knownRegions = (
				en,
				Base,
			);
			mainGroup = F442DD4B1A660B6F00B205A4;
			productRefGroup = F442DD551A660B6F00B205A4 /* Products */;
			projectDirPath = "";
			projectRoot = "";
			targets = (
				F442DD531A660B6F00B205A4 /* ExchangeAGram */,
				F442DD6B1A660B7000B205A4 /* ExchangeAGramTests */,
			);
		};
/* End PBXProject section */

/* Begin PBXResourcesBuildPhase section */
		F442DD521A660B6F00B205A4 /* Resources */ = {
			isa = PBXResourcesBuildPhase;
			buildActionMask = 2147483647;
			files = (
				F442DD621A660B6F00B205A4 /* Main.storyboard in Resources */,
				F442DD671A660B6F00B205A4 /* LaunchScreen.xib in Resources */,
				F442DD641A660B6F00B205A4 /* Images.xcassets in Resources */,
			);
			runOnlyForDeploymentPostprocessing = 0;
		};
		F442DD6A1A660B7000B205A4 /* Resources */ = {
			isa = PBXResourcesBuildPhase;
			buildActionMask = 2147483647;
			files = (
			);
			runOnlyForDeploymentPostprocessing = 0;
		};
/* End PBXResourcesBuildPhase section */

/* Begin PBXSourcesBuildPhase section */
		F442DD501A660B6F00B205A4 /* Sources */ = {
			isa = PBXSourcesBuildPhase;
			buildActionMask = 2147483647;
			files = (
				F442DD5A1A660B6F00B205A4 /* AppDelegate.swift in Sources */,
				F442DD7F1A663BE000B205A4 /* FeedCell.swift in Sources */,
				F442DD7D1A66100200B205A4 /* FeedViewController.swift in Sources */,
				F442DD831A66493900B205A4 /* FeedItem.swift in Sources */,
				F442DD5D1A660B6F00B205A4 /* ExchangeAGram.xcdatamodeld in Sources */,
			);
			runOnlyForDeploymentPostprocessing = 0;
		};
		F442DD681A660B7000B205A4 /* Sources */ = {
			isa = PBXSourcesBuildPhase;
			buildActionMask = 2147483647;
			files = (
				F442DD731A660B7000B205A4 /* ExchangeAGramTests.swift in Sources */,
			);
			runOnlyForDeploymentPostprocessing = 0;
		};
/* End PBXSourcesBuildPhase section */

/* Begin PBXTargetDependency section */
		F442DD6E1A660B7000B205A4 /* PBXTargetDependency */ = {
			isa = PBXTargetDependency;
			target = F442DD531A660B6F00B205A4 /* ExchangeAGram */;
			targetProxy = F442DD6D1A660B7000B205A4 /* PBXContainerItemProxy */;
		};
/* End PBXTargetDependency section */

/* Begin PBXVariantGroup section */
		F442DD601A660B6F00B205A4 /* Main.storyboard */ = {
			isa = PBXVariantGroup;
			children = (
				F442DD611A660B6F00B205A4 /* Base */,
			);
			name = Main.storyboard;
			sourceTree = "<group>";
		};
		F442DD651A660B6F00B205A4 /* LaunchScreen.xib */ = {
			isa = PBXVariantGroup;
			children = (
				F442DD661A660B6F00B205A4 /* Base */,
			);
			name = LaunchScreen.xib;
			sourceTree = "<group>";
		};
/* End PBXVariantGroup section */

/* Begin XCBuildConfiguration section */
		F442DD741A660B7000B205A4 /* Debug */ = {
			isa = XCBuildConfiguration;
			buildSettings = {
				ALWAYS_SEARCH_USER_PATHS = NO;
				CLANG_CXX_LANGUAGE_STANDARD = "gnu++0x";
				CLANG_CXX_LIBRARY = "libc++";
				CLANG_ENABLE_MODULES = YES;
				CLANG_ENABLE_OBJC_ARC = YES;
				CLANG_WARN_BOOL_CONVERSION = YES;
				CLANG_WARN_CONSTANT_CONVERSION = YES;
				CLANG_WARN_DIRECT_OBJC_ISA_USAGE = YES_ERROR;
				CLANG_WARN_EMPTY_BODY = YES;
				CLANG_WARN_ENUM_CONVERSION = YES;
				CLANG_WARN_INT_CONVERSION = YES;
				CLANG_WARN_OBJC_ROOT_CLASS = YES_ERROR;
				CLANG_WARN_UNREACHABLE_CODE = YES;
				CLANG_WARN__DUPLICATE_METHOD_MATCH = YES;
				"CODE_SIGN_IDENTITY[sdk=iphoneos*]" = "iPhone Developer";
				COPY_PHASE_STRIP = NO;
				ENABLE_STRICT_OBJC_MSGSEND = YES;
				GCC_C_LANGUAGE_STANDARD = gnu99;
				GCC_DYNAMIC_NO_PIC = NO;
				GCC_OPTIMIZATION_LEVEL = 0;
				GCC_PREPROCESSOR_DEFINITIONS = (
					"DEBUG=1",
					"$(inherited)",
				);
				GCC_SYMBOLS_PRIVATE_EXTERN = NO;
				GCC_WARN_64_TO_32_BIT_CONVERSION = YES;
				GCC_WARN_ABOUT_RETURN_TYPE = YES_ERROR;
				GCC_WARN_UNDECLARED_SELECTOR = YES;
				GCC_WARN_UNINITIALIZED_AUTOS = YES_AGGRESSIVE;
				GCC_WARN_UNUSED_FUNCTION = YES;
				GCC_WARN_UNUSED_VARIABLE = YES;
				IPHONEOS_DEPLOYMENT_TARGET = 8.1;
				MTL_ENABLE_DEBUG_INFO = YES;
				ONLY_ACTIVE_ARCH = YES;
				SDKROOT = iphoneos;
				SWIFT_OPTIMIZATION_LEVEL = "-Onone";
				TARGETED_DEVICE_FAMILY = "1,2";
			};
			name = Debug;
		};
		F442DD751A660B7000B205A4 /* Release */ = {
			isa = XCBuildConfiguration;
			buildSettings = {
				ALWAYS_SEARCH_USER_PATHS = NO;
				CLANG_CXX_LANGUAGE_STANDARD = "gnu++0x";
				CLANG_CXX_LIBRARY = "libc++";
				CLANG_ENABLE_MODULES = YES;
				CLANG_ENABLE_OBJC_ARC = YES;
				CLANG_WARN_BOOL_CONVERSION = YES;
				CLANG_WARN_CONSTANT_CONVERSION = YES;
				CLANG_WARN_DIRECT_OBJC_ISA_USAGE = YES_ERROR;
				CLANG_WARN_EMPTY_BODY = YES;
				CLANG_WARN_ENUM_CONVERSION = YES;
				CLANG_WARN_INT_CONVERSION = YES;
				CLANG_WARN_OBJC_ROOT_CLASS = YES_ERROR;
				CLANG_WARN_UNREACHABLE_CODE = YES;
				CLANG_WARN__DUPLICATE_METHOD_MATCH = YES;
				"CODE_SIGN_IDENTITY[sdk=iphoneos*]" = "iPhone Developer";
				COPY_PHASE_STRIP = YES;
				ENABLE_NS_ASSERTIONS = NO;
				ENABLE_STRICT_OBJC_MSGSEND = YES;
				GCC_C_LANGUAGE_STANDARD = gnu99;
				GCC_WARN_64_TO_32_BIT_CONVERSION = YES;
				GCC_WARN_ABOUT_RETURN_TYPE = YES_ERROR;
				GCC_WARN_UNDECLARED_SELECTOR = YES;
				GCC_WARN_UNINITIALIZED_AUTOS = YES_AGGRESSIVE;
				GCC_WARN_UNUSED_FUNCTION = YES;
				GCC_WARN_UNUSED_VARIABLE = YES;
				IPHONEOS_DEPLOYMENT_TARGET = 8.1;
				MTL_ENABLE_DEBUG_INFO = NO;
				SDKROOT = iphoneos;
				TARGETED_DEVICE_FAMILY = "1,2";
				VALIDATE_PRODUCT = YES;
			};
			name = Release;
		};
		F442DD771A660B7000B205A4 /* Debug */ = {
			isa = XCBuildConfiguration;
			buildSettings = {
				ASSETCATALOG_COMPILER_APPICON_NAME = AppIcon;
				INFOPLIST_FILE = ExchangeAGram/Info.plist;
				LD_RUNPATH_SEARCH_PATHS = "$(inherited) @executable_path/Frameworks";
				PRODUCT_NAME = "$(TARGET_NAME)";
			};
			name = Debug;
		};
		F442DD781A660B7000B205A4 /* Release */ = {
			isa = XCBuildConfiguration;
			buildSettings = {
				ASSETCATALOG_COMPILER_APPICON_NAME = AppIcon;
				INFOPLIST_FILE = ExchangeAGram/Info.plist;
				LD_RUNPATH_SEARCH_PATHS = "$(inherited) @executable_path/Frameworks";
				PRODUCT_NAME = "$(TARGET_NAME)";
			};
			name = Release;
		};
		F442DD7A1A660B7000B205A4 /* Debug */ = {
			isa = XCBuildConfiguration;
			buildSettings = {
				BUNDLE_LOADER = "$(TEST_HOST)";
				FRAMEWORK_SEARCH_PATHS = (
					"$(SDKROOT)/Developer/Library/Frameworks",
					"$(inherited)",
				);
				GCC_PREPROCESSOR_DEFINITIONS = (
					"DEBUG=1",
					"$(inherited)",
				);
				INFOPLIST_FILE = ExchangeAGramTests/Info.plist;
				LD_RUNPATH_SEARCH_PATHS = "$(inherited) @executable_path/Frameworks @loader_path/Frameworks";
				PRODUCT_NAME = "$(TARGET_NAME)";
				TEST_HOST = "$(BUILT_PRODUCTS_DIR)/ExchangeAGram.app/ExchangeAGram";
			};
			name = Debug;
		};
		F442DD7B1A660B7000B205A4 /* Release */ = {
			isa = XCBuildConfiguration;
			buildSettings = {
				BUNDLE_LOADER = "$(TEST_HOST)";
				FRAMEWORK_SEARCH_PATHS = (
					"$(SDKROOT)/Developer/Library/Frameworks",
					"$(inherited)",
				);
				INFOPLIST_FILE = ExchangeAGramTests/Info.plist;
				LD_RUNPATH_SEARCH_PATHS = "$(inherited) @executable_path/Frameworks @loader_path/Frameworks";
				PRODUCT_NAME = "$(TARGET_NAME)";
				TEST_HOST = "$(BUILT_PRODUCTS_DIR)/ExchangeAGram.app/ExchangeAGram";
			};
			name = Release;
		};
/* End XCBuildConfiguration section */

/* Begin XCConfigurationList section */
		F442DD4F1A660B6F00B205A4 /* Build configuration list for PBXProject "ExchangeAGram" */ = {
			isa = XCConfigurationList;
			buildConfigurations = (
				F442DD741A660B7000B205A4 /* Debug */,
				F442DD751A660B7000B205A4 /* Release */,
			);
			defaultConfigurationIsVisible = 0;
			defaultConfigurationName = Release;
		};
		F442DD761A660B7000B205A4 /* Build configuration list for PBXNativeTarget "ExchangeAGram" */ = {
			isa = XCConfigurationList;
			buildConfigurations = (
				F442DD771A660B7000B205A4 /* Debug */,
				F442DD781A660B7000B205A4 /* Release */,
			);
			defaultConfigurationIsVisible = 0;
		};
		F442DD791A660B7000B205A4 /* Build configuration list for PBXNativeTarget "ExchangeAGramTests" */ = {
			isa = XCConfigurationList;
			buildConfigurations = (
				F442DD7A1A660B7000B205A4 /* Debug */,
				F442DD7B1A660B7000B205A4 /* Release */,
			);
			defaultConfigurationIsVisible = 0;
		};
/* End XCConfigurationList section */

/* Begin XCVersionGroup section */
		F442DD5B1A660B6F00B205A4 /* ExchangeAGram.xcdatamodeld */ = {
			isa = XCVersionGroup;
			children = (
				F442DD5C1A660B6F00B205A4 /* ExchangeAGram.xcdatamodel */,
			);
			currentVersion = F442DD5C1A660B6F00B205A4 /* ExchangeAGram.xcdatamodel */;
			path = ExchangeAGram.xcdatamodeld;
			sourceTree = "<group>";
			versionGroupType = wrapper.xcdatamodel;
		};
/* End XCVersionGroup section */
	};
	rootObject = F442DD4C1A660B6F00B205A4 /* Project object */;
}
